
Microsoft Visual Studio Solution File, Format Version 12.00
# Visual Studio Version 17
VisualStudioVersion = 17.4.33213.308
MinimumVisualStudioVersion = 10.0.40219.1
Project("{FAE04EC0-301F-11D3-BF4B-00C04F79EFBC}") = "lab3", "lab3\lab3.csproj", "{D061224E-C8CC-4F8B-86B2-AE8FF602152C}"
EndProject
Global
	GlobalSection(SolutionConfigurationPlatforms) = preSolution
		Debug|Any CPU = Debug|Any CPU
		Release|Any CPU = Release|Any CPU
	EndGlobalSection
	GlobalSection(ProjectConfigurationPlatforms) = postSolution
		{D061224E-C8CC-4F8B-86B2-AE8FF602152C}.Debug|Any CPU.ActiveCfg = Debug|Any CPU
		{D061224E-C8CC-4F8B-86B2-AE8FF602152C}.Debug|Any CPU.Build.0 = Debug|Any CPU
		{D061224E-C8CC-4F8B-86B2-AE8FF602152C}.Release|Any CPU.ActiveCfg = Release|Any CPU
		{D061224E-C8CC-4F8B-86B2-AE8FF602152C}.Release|Any CPU.Build.0 = Release|Any CPU
	EndGlobalSection
	GlobalSection(SolutionProperties) = preSolution
		HideSolutionNode = FALSE
	EndGlobalSection
	GlobalSection(ExtensibilityGlobals) = postSolution
		SolutionGuid = {683363BC-CA25-4D4E-B1D7-5BE77266AD69}
	EndGlobalSection
EndGlobal
